
Microsoft Visual Studio Solution File, Format Version 12.00
# Visual Studio Version 16
VisualStudioVersion = 16.0.30128.36
MinimumVisualStudioVersion = 10.0.40219.1
Project("{9A19103F-16F7-4668-BE54-9A1E7A4F7556}") = "DynamicCode.SourceGenerator", "DynamicCode.SourceGenerator\DynamicCode.SourceGenerator.csproj", "{5EC1F33A-447A-401E-B560-37C9A27831D7}"
EndProject
Project("{9A19103F-16F7-4668-BE54-9A1E7A4F7556}") = "ConsoleApp1", "ConsoleApp1\ConsoleApp1.csproj", "{7556C490-AB4F-4C08-9FFD-54E1EEE2E03C}"
EndProject
Project("{2150E333-8FDC-42A3-9474-1A3956D46DE8}") = "examples", "examples", "{83C07D77-AA1C-48DC-BBF8-A51FCEB9C972}"
EndProject
Project("{9A19103F-16F7-4668-BE54-9A1E7A4F7556}") = "DynamicCode.SourceGenerator.Metadata.Roslyn", "DynamicCode.SourceGenerator.Metadata.Roslyn\DynamicCode.SourceGenerator.Metadata.Roslyn.csproj", "{4E8F8178-43FB-420E-A681-344876C6465C}"
EndProject
Project("{9A19103F-16F7-4668-BE54-9A1E7A4F7556}") = "DynamicCode.SourceGenerator.Metadata", "DynamicCode.SourceGenerator.Metadata\DynamicCode.SourceGenerator.Metadata.csproj", "{B2DBCFFB-91A3-4D2D-8840-EF8D2BE955C9}"
EndProject
Project("{9A19103F-16F7-4668-BE54-9A1E7A4F7556}") = "DynamicCode.SourceGenerator.Models", "DynamicCode.SourceGenerator.Models\DynamicCode.SourceGenerator.Models.csproj", "{70B10B19-A63C-41F4-9E26-C5F312A2A846}"
EndProject
Project("{FAE04EC0-301F-11D3-BF4B-00C04F79EFBC}") = "DynamicCode.SourceGenerator.Models.CodeGeneration", "DynamicCorde.SourceGenerator.Models.CodeGeneration\DynamicCode.SourceGenerator.Models.CodeGeneration.csproj", "{F19AA28B-E14B-4BF0-94BC-D68707579C6A}"
EndProject
Global
	GlobalSection(SolutionConfigurationPlatforms) = preSolution
		Debug|Any CPU = Debug|Any CPU
		Release|Any CPU = Release|Any CPU
	EndGlobalSection
	GlobalSection(ProjectConfigurationPlatforms) = postSolution
		{5EC1F33A-447A-401E-B560-37C9A27831D7}.Debug|Any CPU.ActiveCfg = Debug|Any CPU
		{5EC1F33A-447A-401E-B560-37C9A27831D7}.Debug|Any CPU.Build.0 = Debug|Any CPU
		{5EC1F33A-447A-401E-B560-37C9A27831D7}.Release|Any CPU.ActiveCfg = Release|Any CPU
		{5EC1F33A-447A-401E-B560-37C9A27831D7}.Release|Any CPU.Build.0 = Release|Any CPU
		{7556C490-AB4F-4C08-9FFD-54E1EEE2E03C}.Debug|Any CPU.ActiveCfg = Debug|Any CPU
		{7556C490-AB4F-4C08-9FFD-54E1EEE2E03C}.Debug|Any CPU.Build.0 = Debug|Any CPU
		{7556C490-AB4F-4C08-9FFD-54E1EEE2E03C}.Release|Any CPU.ActiveCfg = Release|Any CPU
		{7556C490-AB4F-4C08-9FFD-54E1EEE2E03C}.Release|Any CPU.Build.0 = Release|Any CPU
		{4E8F8178-43FB-420E-A681-344876C6465C}.Debug|Any CPU.ActiveCfg = Debug|Any CPU
		{4E8F8178-43FB-420E-A681-344876C6465C}.Debug|Any CPU.Build.0 = Debug|Any CPU
		{4E8F8178-43FB-420E-A681-344876C6465C}.Release|Any CPU.ActiveCfg = Release|Any CPU
		{4E8F8178-43FB-420E-A681-344876C6465C}.Release|Any CPU.Build.0 = Release|Any CPU
		{B2DBCFFB-91A3-4D2D-8840-EF8D2BE955C9}.Debug|Any CPU.ActiveCfg = Debug|Any CPU
		{B2DBCFFB-91A3-4D2D-8840-EF8D2BE955C9}.Debug|Any CPU.Build.0 = Debug|Any CPU
		{B2DBCFFB-91A3-4D2D-8840-EF8D2BE955C9}.Release|Any CPU.ActiveCfg = Release|Any CPU
		{B2DBCFFB-91A3-4D2D-8840-EF8D2BE955C9}.Release|Any CPU.Build.0 = Release|Any CPU
		{70B10B19-A63C-41F4-9E26-C5F312A2A846}.Debug|Any CPU.ActiveCfg = Debug|Any CPU
		{70B10B19-A63C-41F4-9E26-C5F312A2A846}.Debug|Any CPU.Build.0 = Debug|Any CPU
		{70B10B19-A63C-41F4-9E26-C5F312A2A846}.Release|Any CPU.ActiveCfg = Release|Any CPU
		{70B10B19-A63C-41F4-9E26-C5F312A2A846}.Release|Any CPU.Build.0 = Release|Any CPU
		{F19AA28B-E14B-4BF0-94BC-D68707579C6A}.Debug|Any CPU.ActiveCfg = Debug|Any CPU
		{F19AA28B-E14B-4BF0-94BC-D68707579C6A}.Debug|Any CPU.Build.0 = Debug|Any CPU
		{F19AA28B-E14B-4BF0-94BC-D68707579C6A}.Release|Any CPU.ActiveCfg = Release|Any CPU
		{F19AA28B-E14B-4BF0-94BC-D68707579C6A}.Release|Any CPU.Build.0 = Release|Any CPU
	EndGlobalSection
	GlobalSection(SolutionProperties) = preSolution
		HideSolutionNode = FALSE
	EndGlobalSection
	GlobalSection(NestedProjects) = preSolution
		{7556C490-AB4F-4C08-9FFD-54E1EEE2E03C} = {83C07D77-AA1C-48DC-BBF8-A51FCEB9C972}
	EndGlobalSection
	GlobalSection(ExtensibilityGlobals) = postSolution
		SolutionGuid = {D3D6046B-AD0C-4D94-96D4-C4B77A91194C}
	EndGlobalSection
EndGlobal
